// !$*UTF8*$!
{
	archiveVersion = 1;
	classes = {
	};
	objectVersion = 50;
	objects = {

/* Begin PBXBuildFile section */
		130E72FD21BF2A850051272B /* Creature.cpp in Sources */ = {isa = PBXBuildFile; fileRef = 130E72FB21BF2A850051272B /* Creature.cpp */; };
		130E72FF21BF30B80051272B /* GLUI.framework in Frameworks */ = {isa = PBXBuildFile; fileRef = 130E72FE21BF30B80051272B /* GLUI.framework */; };
		130E730221C045980051272B /* Fox.cpp in Sources */ = {isa = PBXBuildFile; fileRef = 130E730021C045980051272B /* Fox.cpp */; };
		130E730621C0565E0051272B /* Rabbit.cpp in Sources */ = {isa = PBXBuildFile; fileRef = 130E730421C0565E0051272B /* Rabbit.cpp */; };
		130E730921C0E9880051272B /* BioSystemManager.cpp in Sources */ = {isa = PBXBuildFile; fileRef = 130E730721C0E9880051272B /* BioSystemManager.cpp */; };
		130E730C21C0EB330051272B /* Shelter.cpp in Sources */ = {isa = PBXBuildFile; fileRef = 130E730A21C0EB330051272B /* Shelter.cpp */; };
		13161AC32141F4F700A58038 /* main.cpp in Sources */ = {isa = PBXBuildFile; fileRef = 13161AC22141F4F700A58038 /* main.cpp */; };
		13161AD02141F87300A58038 /* OpenGLWindow.cpp in Sources */ = {isa = PBXBuildFile; fileRef = 13161ACE2141F87300A58038 /* OpenGLWindow.cpp */; };
		13161AD621426C9300A58038 /* AnimationControl.cpp in Sources */ = {isa = PBXBuildFile; fileRef = 13161AD421426C9300A58038 /* AnimationControl.cpp */; };
		13690E472180F77E00E2A0A4 /* OpenGL.framework in Frameworks */ = {isa = PBXBuildFile; fileRef = 13161ACC2141F57700A58038 /* OpenGL.framework */; };
		13690E482180F78300E2A0A4 /* GLUT.framework in Frameworks */ = {isa = PBXBuildFile; fileRef = 13161ACA2141F56500A58038 /* GLUT.framework */; };
		137CA8F821C5D3F4007ADC4E /* Grass.cpp in Sources */ = {isa = PBXBuildFile; fileRef = 137CA8F621C5D3F4007ADC4E /* Grass.cpp */; };
		13D72B82214B2A440081FB13 /* MyData.cpp in Sources */ = {isa = PBXBuildFile; fileRef = 13D72B80214B2A440081FB13 /* MyData.cpp */; };
		13EC92422154283D00058F45 /* SplineCalculation.cpp in Sources */ = {isa = PBXBuildFile; fileRef = 13EC92402154283C00058F45 /* SplineCalculation.cpp */; };
		13EC92452155FD2E00058F45 /* SpeedFunc.cpp in Sources */ = {isa = PBXBuildFile; fileRef = 13EC92432155FD2E00058F45 /* SpeedFunc.cpp */; };
/* End PBXBuildFile section */

/* Begin PBXCopyFilesBuildPhase section */
		13161ABD2141F4F700A58038 /* CopyFiles */ = {
			isa = PBXCopyFilesBuildPhase;
			buildActionMask = 2147483647;
			dstPath = /usr/share/man/man1/;
			dstSubfolderSpec = 0;
			files = (
			);
			runOnlyForDeploymentPostprocessing = 1;
		};
/* End PBXCopyFilesBuildPhase section */

/* Begin PBXFileReference section */
		130E72FB21BF2A850051272B /* Creature.cpp */ = {isa = PBXFileReference; lastKnownFileType = sourcecode.cpp.cpp; path = Creature.cpp; sourceTree = "<group>"; };
		130E72FC21BF2A850051272B /* Creature.hpp */ = {isa = PBXFileReference; lastKnownFileType = sourcecode.cpp.h; path = Creature.hpp; sourceTree = "<group>"; };
		130E72FE21BF30B80051272B /* GLUI.framework */ = {isa = PBXFileReference; lastKnownFileType = wrapper.framework; path = GLUI.framework; sourceTree = "<group>"; };
		130E730021C045980051272B /* Fox.cpp */ = {isa = PBXFileReference; lastKnownFileType = sourcecode.cpp.cpp; path = Fox.cpp; sourceTree = "<group>"; };
		130E730121C045980051272B /* Fox.hpp */ = {isa = PBXFileReference; lastKnownFileType = sourcecode.cpp.h; path = Fox.hpp; sourceTree = "<group>"; };
		130E730421C0565E0051272B /* Rabbit.cpp */ = {isa = PBXFileReference; lastKnownFileType = sourcecode.cpp.cpp; path = Rabbit.cpp; sourceTree = "<group>"; };
		130E730521C0565E0051272B /* Rabbit.hpp */ = {isa = PBXFileReference; lastKnownFileType = sourcecode.cpp.h; path = Rabbit.hpp; sourceTree = "<group>"; };
		130E730721C0E9880051272B /* BioSystemManager.cpp */ = {isa = PBXFileReference; lastKnownFileType = sourcecode.cpp.cpp; path = BioSystemManager.cpp; sourceTree = "<group>"; };
		130E730821C0E9880051272B /* BioSystemManager.hpp */ = {isa = PBXFileReference; lastKnownFileType = sourcecode.cpp.h; path = BioSystemManager.hpp; sourceTree = "<group>"; };
		130E730A21C0EB330051272B /* Shelter.cpp */ = {isa = PBXFileReference; lastKnownFileType = sourcecode.cpp.cpp; path = Shelter.cpp; sourceTree = "<group>"; };
		130E730B21C0EB330051272B /* Shelter.hpp */ = {isa = PBXFileReference; lastKnownFileType = sourcecode.cpp.h; path = Shelter.hpp; sourceTree = "<group>"; };
		13161ABF2141F4F700A58038 /* test2 */ = {isa = PBXFileReference; explicitFileType = "compiled.mach-o.executable"; includeInIndex = 0; path = test2; sourceTree = BUILT_PRODUCTS_DIR; };
		13161AC22141F4F700A58038 /* main.cpp */ = {isa = PBXFileReference; lastKnownFileType = sourcecode.cpp.cpp; path = main.cpp; sourceTree = "<group>"; };
		13161ACA2141F56500A58038 /* GLUT.framework */ = {isa = PBXFileReference; lastKnownFileType = wrapper.framework; name = GLUT.framework; path = System/Library/Frameworks/GLUT.framework; sourceTree = SDKROOT; };
		13161ACC2141F57700A58038 /* OpenGL.framework */ = {isa = PBXFileReference; lastKnownFileType = wrapper.framework; name = OpenGL.framework; path = System/Library/Frameworks/OpenGL.framework; sourceTree = SDKROOT; };
		13161ACE2141F87300A58038 /* OpenGLWindow.cpp */ = {isa = PBXFileReference; lastKnownFileType = sourcecode.cpp.cpp; path = OpenGLWindow.cpp; sourceTree = "<group>"; };
		13161ACF2141F87300A58038 /* OpenGLWindow.hpp */ = {isa = PBXFileReference; lastKnownFileType = sourcecode.cpp.h; path = OpenGLWindow.hpp; sourceTree = "<group>"; };
		13161AD421426C9300A58038 /* AnimationControl.cpp */ = {isa = PBXFileReference; lastKnownFileType = sourcecode.cpp.cpp; path = AnimationControl.cpp; sourceTree = "<group>"; };
		13161AD521426C9300A58038 /* AnimationControl.hpp */ = {isa = PBXFileReference; lastKnownFileType = sourcecode.cpp.h; path = AnimationControl.hpp; sourceTree = "<group>"; };
		137CA8F621C5D3F4007ADC4E /* Grass.cpp */ = {isa = PBXFileReference; lastKnownFileType = sourcecode.cpp.cpp; path = Grass.cpp; sourceTree = "<group>"; };
		137CA8F721C5D3F4007ADC4E /* Grass.hpp */ = {isa = PBXFileReference; lastKnownFileType = sourcecode.cpp.h; path = Grass.hpp; sourceTree = "<group>"; };
		13D72B80214B2A440081FB13 /* MyData.cpp */ = {isa = PBXFileReference; lastKnownFileType = sourcecode.cpp.cpp; path = MyData.cpp; sourceTree = "<group>"; };
		13D72B81214B2A440081FB13 /* MyData.hpp */ = {isa = PBXFileReference; lastKnownFileType = sourcecode.cpp.h; path = MyData.hpp; sourceTree = "<group>"; };
		13EC92402154283C00058F45 /* SplineCalculation.cpp */ = {isa = PBXFileReference; lastKnownFileType = sourcecode.cpp.cpp; path = SplineCalculation.cpp; sourceTree = "<group>"; };
		13EC92412154283D00058F45 /* SplineCalculation.hpp */ = {isa = PBXFileReference; lastKnownFileType = sourcecode.cpp.h; path = SplineCalculation.hpp; sourceTree = "<group>"; };
		13EC92432155FD2E00058F45 /* SpeedFunc.cpp */ = {isa = PBXFileReference; lastKnownFileType = sourcecode.cpp.cpp; path = SpeedFunc.cpp; sourceTree = "<group>"; };
		13EC92442155FD2E00058F45 /* SpeedFunc.hpp */ = {isa = PBXFileReference; lastKnownFileType = sourcecode.cpp.h; path = SpeedFunc.hpp; sourceTree = "<group>"; };
/* End PBXFileReference section */

/* Begin PBXFrameworksBuildPhase section */
		13161ABC2141F4F700A58038 /* Frameworks */ = {
			isa = PBXFrameworksBuildPhase;
			buildActionMask = 2147483647;
			files = (
				130E72FF21BF30B80051272B /* GLUI.framework in Frameworks */,
				13690E482180F78300E2A0A4 /* GLUT.framework in Frameworks */,
				13690E472180F77E00E2A0A4 /* OpenGL.framework in Frameworks */,
			);
			runOnlyForDeploymentPostprocessing = 0;
		};
/* End PBXFrameworksBuildPhase section */

/* Begin PBXGroup section */
		13161AB62141F4F700A58038 = {
			isa = PBXGroup;
			children = (
				13161AC12141F4F700A58038 /* test2 */,
				13161AC02141F4F700A58038 /* Products */,
				13161AC92141F56500A58038 /* Frameworks */,
			);
			sourceTree = "<group>";
		};
		13161AC02141F4F700A58038 /* Products */ = {
			isa = PBXGroup;
			children = (
				13161ABF2141F4F700A58038 /* test2 */,
			);
			name = Products;
			sourceTree = "<group>";
		};
		13161AC12141F4F700A58038 /* test2 */ = {
			isa = PBXGroup;
			children = (
				137CA8F921C5D492007ADC4E /* OpenGL */,
				137CA8F521C5D3D5007ADC4E /* BioSystem */,
				13161AC22141F4F700A58038 /* main.cpp */,
				13161AD421426C9300A58038 /* AnimationControl.cpp */,
				13161AD521426C9300A58038 /* AnimationControl.hpp */,
				13D72B81214B2A440081FB13 /* MyData.hpp */,
				13D72B80214B2A440081FB13 /* MyData.cpp */,
				13EC92402154283C00058F45 /* SplineCalculation.cpp */,
				13EC92412154283D00058F45 /* SplineCalculation.hpp */,
				13EC92432155FD2E00058F45 /* SpeedFunc.cpp */,
				13EC92442155FD2E00058F45 /* SpeedFunc.hpp */,
			);
			path = test2;
			sourceTree = "<group>";
		};
		13161AC92141F56500A58038 /* Frameworks */ = {
			isa = PBXGroup;
			children = (
				130E72FE21BF30B80051272B /* GLUI.framework */,
				13161ACC2141F57700A58038 /* OpenGL.framework */,
				13161ACA2141F56500A58038 /* GLUT.framework */,
			);
			name = Frameworks;
			sourceTree = "<group>";
		};
		137CA8F521C5D3D5007ADC4E /* BioSystem */ = {
			isa = PBXGroup;
			children = (
				130E730721C0E9880051272B /* BioSystemManager.cpp */,
				130E730821C0E9880051272B /* BioSystemManager.hpp */,
				130E72FB21BF2A850051272B /* Creature.cpp */,
				130E72FC21BF2A850051272B /* Creature.hpp */,
				130E730021C045980051272B /* Fox.cpp */,
				130E730121C045980051272B /* Fox.hpp */,
				130E730421C0565E0051272B /* Rabbit.cpp */,
				130E730521C0565E0051272B /* Rabbit.hpp */,
				130E730A21C0EB330051272B /* Shelter.cpp */,
				130E730B21C0EB330051272B /* Shelter.hpp */,
				137CA8F621C5D3F4007ADC4E /* Grass.cpp */,
				137CA8F721C5D3F4007ADC4E /* Grass.hpp */,
			);
			path = BioSystem;
			sourceTree = "<group>";
		};
		137CA8F921C5D492007ADC4E /* OpenGL */ = {
			isa = PBXGroup;
			children = (
				13161ACE2141F87300A58038 /* OpenGLWindow.cpp */,
				13161ACF2141F87300A58038 /* OpenGLWindow.hpp */,
			);
			path = OpenGL;
			sourceTree = "<group>";
		};
/* End PBXGroup section */

/* Begin PBXNativeTarget section */
		13161ABE2141F4F700A58038 /* test2 */ = {
			isa = PBXNativeTarget;
			buildConfigurationList = 13161AC62141F4F700A58038 /* Build configuration list for PBXNativeTarget "test2" */;
			buildPhases = (
				13161ABB2141F4F700A58038 /* Sources */,
				13161ABC2141F4F700A58038 /* Frameworks */,
				13161ABD2141F4F700A58038 /* CopyFiles */,
			);
			buildRules = (
			);
			dependencies = (
			);
			name = test2;
			productName = test2;
			productReference = 13161ABF2141F4F700A58038 /* test2 */;
			productType = "com.apple.product-type.tool";
		};
/* End PBXNativeTarget section */

/* Begin PBXProject section */
		13161AB72141F4F700A58038 /* Project object */ = {
			isa = PBXProject;
			attributes = {
				LastUpgradeCheck = 0940;
				ORGANIZATIONNAME = "heran zhao";
				TargetAttributes = {
					13161ABE2141F4F700A58038 = {
						CreatedOnToolsVersion = 9.4.1;
					};
				};
			};
			buildConfigurationList = 13161ABA2141F4F700A58038 /* Build configuration list for PBXProject "test2" */;
			compatibilityVersion = "Xcode 9.3";
			developmentRegion = en;
			hasScannedForEncodings = 0;
			knownRegions = (
				en,
			);
			mainGroup = 13161AB62141F4F700A58038;
			productRefGroup = 13161AC02141F4F700A58038 /* Products */;
			projectDirPath = "";
			projectRoot = "";
			targets = (
				13161ABE2141F4F700A58038 /* test2 */,
			);
		};
/* End PBXProject section */

/* Begin PBXSourcesBuildPhase section */
		13161ABB2141F4F700A58038 /* Sources */ = {
			isa = PBXSourcesBuildPhase;
			buildActionMask = 2147483647;
			files = (
				130E730221C045980051272B /* Fox.cpp in Sources */,
				13EC92422154283D00058F45 /* SplineCalculation.cpp in Sources */,
				13161AD02141F87300A58038 /* OpenGLWindow.cpp in Sources */,
				137CA8F821C5D3F4007ADC4E /* Grass.cpp in Sources */,
				130E730921C0E9880051272B /* BioSystemManager.cpp in Sources */,
				13EC92452155FD2E00058F45 /* SpeedFunc.cpp in Sources */,
				13161AD621426C9300A58038 /* AnimationControl.cpp in Sources */,
				130E72FD21BF2A850051272B /* Creature.cpp in Sources */,
				13161AC32141F4F700A58038 /* main.cpp in Sources */,
				13D72B82214B2A440081FB13 /* MyData.cpp in Sources */,
				130E730621C0565E0051272B /* Rabbit.cpp in Sources */,
				130E730C21C0EB330051272B /* Shelter.cpp in Sources */,
			);
			runOnlyForDeploymentPostprocessing = 0;
		};
/* End PBXSourcesBuildPhase section */

/* Begin XCBuildConfiguration section */
		13161AC42141F4F700A58038 /* Debug */ = {
			isa = XCBuildConfiguration;
			buildSettings = {
				ALWAYS_SEARCH_USER_PATHS = NO;
				CLANG_ANALYZER_NONNULL = YES;
				CLANG_ANALYZER_NUMBER_OBJECT_CONVERSION = YES_AGGRESSIVE;
				CLANG_CXX_LANGUAGE_STANDARD = "gnu++14";
				CLANG_CXX_LIBRARY = "libc++";
				CLANG_ENABLE_MODULES = YES;
				CLANG_ENABLE_OBJC_ARC = YES;
				CLANG_ENABLE_OBJC_WEAK = YES;
				CLANG_WARN_BLOCK_CAPTURE_AUTORELEASING = YES;
				CLANG_WARN_BOOL_CONVERSION = YES;
				CLANG_WARN_COMMA = YES;
				CLANG_WARN_CONSTANT_CONVERSION = YES;
				CLANG_WARN_DEPRECATED_OBJC_IMPLEMENTATIONS = YES;
				CLANG_WARN_DIRECT_OBJC_ISA_USAGE = YES_ERROR;
				CLANG_WARN_DOCUMENTATION_COMMENTS = YES;
				CLANG_WARN_EMPTY_BODY = YES;
				CLANG_WARN_ENUM_CONVERSION = YES;
				CLANG_WARN_INFINITE_RECURSION = YES;
				CLANG_WARN_INT_CONVERSION = YES;
				CLANG_WARN_NON_LITERAL_NULL_CONVERSION = YES;
				CLANG_WARN_OBJC_IMPLICIT_RETAIN_SELF = YES;
				CLANG_WARN_OBJC_LITERAL_CONVERSION = YES;
				CLANG_WARN_OBJC_ROOT_CLASS = YES_ERROR;
				CLANG_WARN_RANGE_LOOP_ANALYSIS = YES;
				CLANG_WARN_STRICT_PROTOTYPES = YES;
				CLANG_WARN_SUSPICIOUS_MOVE = YES;
				CLANG_WARN_UNGUARDED_AVAILABILITY = YES_AGGRESSIVE;
				CLANG_WARN_UNREACHABLE_CODE = YES;
				CLANG_WARN__DUPLICATE_METHOD_MATCH = YES;
				CODE_SIGN_IDENTITY = "-";
				COPY_PHASE_STRIP = NO;
				DEBUG_INFORMATION_FORMAT = dwarf;
				ENABLE_STRICT_OBJC_MSGSEND = YES;
				ENABLE_TESTABILITY = YES;
				GCC_C_LANGUAGE_STANDARD = gnu11;
				GCC_DYNAMIC_NO_PIC = NO;
				GCC_NO_COMMON_BLOCKS = YES;
				GCC_OPTIMIZATION_LEVEL = 0;
				GCC_PREPROCESSOR_DEFINITIONS = (
					"DEBUG=1",
					"$(inherited)",
				);
				GCC_WARN_64_TO_32_BIT_CONVERSION = YES;
				GCC_WARN_ABOUT_RETURN_TYPE = YES_ERROR;
				GCC_WARN_UNDECLARED_SELECTOR = YES;
				GCC_WARN_UNINITIALIZED_AUTOS = YES_AGGRESSIVE;
				GCC_WARN_UNUSED_FUNCTION = YES;
				GCC_WARN_UNUSED_VARIABLE = YES;
				MACOSX_DEPLOYMENT_TARGET = 10.13;
				MTL_ENABLE_DEBUG_INFO = YES;
				ONLY_ACTIVE_ARCH = YES;
				SDKROOT = macosx;
			};
			name = Debug;
		};
		13161AC52141F4F700A58038 /* Release */ = {
			isa = XCBuildConfiguration;
			buildSettings = {
				ALWAYS_SEARCH_USER_PATHS = NO;
				CLANG_ANALYZER_NONNULL = YES;
				CLANG_ANALYZER_NUMBER_OBJECT_CONVERSION = YES_AGGRESSIVE;
				CLANG_CXX_LANGUAGE_STANDARD = "gnu++14";
				CLANG_CXX_LIBRARY = "libc++";
				CLANG_ENABLE_MODULES = YES;
				CLANG_ENABLE_OBJC_ARC = YES;
				CLANG_ENABLE_OBJC_WEAK = YES;
				CLANG_WARN_BLOCK_CAPTURE_AUTORELEASING = YES;
				CLANG_WARN_BOOL_CONVERSION = YES;
				CLANG_WARN_COMMA = YES;
				CLANG_WARN_CONSTANT_CONVERSION = YES;
				CLANG_WARN_DEPRECATED_OBJC_IMPLEMENTATIONS = YES;
				CLANG_WARN_DIRECT_OBJC_ISA_USAGE = YES_ERROR;
				CLANG_WARN_DOCUMENTATION_COMMENTS = YES;
				CLANG_WARN_EMPTY_BODY = YES;
				CLANG_WARN_ENUM_CONVERSION = YES;
				CLANG_WARN_INFINITE_RECURSION = YES;
				CLANG_WARN_INT_CONVERSION = YES;
				CLANG_WARN_NON_LITERAL_NULL_CONVERSION = YES;
				CLANG_WARN_OBJC_IMPLICIT_RETAIN_SELF = YES;
				CLANG_WARN_OBJC_LITERAL_CONVERSION = YES;
				CLANG_WARN_OBJC_ROOT_CLASS = YES_ERROR;
				CLANG_WARN_RANGE_LOOP_ANALYSIS = YES;
				CLANG_WARN_STRICT_PROTOTYPES = YES;
				CLANG_WARN_SUSPICIOUS_MOVE = YES;
				CLANG_WARN_UNGUARDED_AVAILABILITY = YES_AGGRESSIVE;
				CLANG_WARN_UNREACHABLE_CODE = YES;
				CLANG_WARN__DUPLICATE_METHOD_MATCH = YES;
				CODE_SIGN_IDENTITY = "-";
				COPY_PHASE_STRIP = NO;
				DEBUG_INFORMATION_FORMAT = "dwarf-with-dsym";
				ENABLE_NS_ASSERTIONS = NO;
				ENABLE_STRICT_OBJC_MSGSEND = YES;
				GCC_C_LANGUAGE_STANDARD = gnu11;
				GCC_NO_COMMON_BLOCKS = YES;
				GCC_WARN_64_TO_32_BIT_CONVERSION = YES;
				GCC_WARN_ABOUT_RETURN_TYPE = YES_ERROR;
				GCC_WARN_UNDECLARED_SELECTOR = YES;
				GCC_WARN_UNINITIALIZED_AUTOS = YES_AGGRESSIVE;
				GCC_WARN_UNUSED_FUNCTION = YES;
				GCC_WARN_UNUSED_VARIABLE = YES;
				MACOSX_DEPLOYMENT_TARGET = 10.13;
				MTL_ENABLE_DEBUG_INFO = NO;
				SDKROOT = macosx;
			};
			name = Release;
		};
		13161AC72141F4F700A58038 /* Debug */ = {
			isa = XCBuildConfiguration;
			buildSettings = {
				CODE_SIGN_IDENTITY = "Mac Developer";
				CODE_SIGN_STYLE = Automatic;
				DEVELOPMENT_TEAM = TR3DP5P7FS;
				FRAMEWORK_SEARCH_PATHS = (
					"$(inherited)",
					"$(PROJECT_DIR)",
				);
				MACOSX_DEPLOYMENT_TARGET = 10.12;
				PRODUCT_NAME = "$(TARGET_NAME)";
				PROVISIONING_PROFILE_SPECIFIER = "";
			};
			name = Debug;
		};
		13161AC82141F4F700A58038 /* Release */ = {
			isa = XCBuildConfiguration;
			buildSettings = {
				CODE_SIGN_IDENTITY = "Mac Developer";
				CODE_SIGN_STYLE = Automatic;
				DEVELOPMENT_TEAM = TR3DP5P7FS;
				FRAMEWORK_SEARCH_PATHS = (
					"$(inherited)",
					"$(PROJECT_DIR)",
				);
				MACOSX_DEPLOYMENT_TARGET = 10.12;
				PRODUCT_NAME = "$(TARGET_NAME)";
				PROVISIONING_PROFILE_SPECIFIER = "";
			};
			name = Release;
		};
/* End XCBuildConfiguration section */

/* Begin XCConfigurationList section */
		13161ABA2141F4F700A58038 /* Build configuration list for PBXProject "test2" */ = {
			isa = XCConfigurationList;
			buildConfigurations = (
				13161AC42141F4F700A58038 /* Debug */,
				13161AC52141F4F700A58038 /* Release */,
			);
			defaultConfigurationIsVisible = 0;
			defaultConfigurationName = Release;
		};
		13161AC62141F4F700A58038 /* Build configuration list for PBXNativeTarget "test2" */ = {
			isa = XCConfigurationList;
			buildConfigurations = (
				13161AC72141F4F700A58038 /* Debug */,
				13161AC82141F4F700A58038 /* Release */,
			);
			defaultConfigurationIsVisible = 0;
			defaultConfigurationName = Release;
		};
/* End XCConfigurationList section */
	};
	rootObject = 13161AB72141F4F700A58038 /* Project object */;
}
